<?xml version="1.0" encoding="utf-8"?>
<Project ToolsVersion="4.0" xmlns="http://schemas.microsoft.com/developer/msbuild/2003">
  <ItemGroup>
    <Filter Include="소스 파일">
      <UniqueIdentifier>{4FC737F1-C7A5-4376-A066-2A32D752A2FF}</UniqueIdentifier>
      <Extensions>cpp;c;cc;cxx;c++;cppm;ixx;def;odl;idl;hpj;bat;asm;asmx</Extensions>
    </Filter>
    <Filter Include="헤더 파일">
      <UniqueIdentifier>{93995380-89BD-4b04-88EB-625FBE52EBFB}</UniqueIdentifier>
      <Extensions>h;hh;hpp;hxx;h++;hm;inl;inc;ipp;xsd</Extensions>
    </Filter>
    <Filter Include="리소스 파일">
      <UniqueIdentifier>{67DA6AB6-F800-4c08-8B7A-83BB121AAD01}</UniqueIdentifier>
      <Extensions>rc;ico;cur;bmp;dlg;rc2;rct;bin;rgs;gif;jpg;jpeg;jpe;resx;tiff;tif;png;wav;mfcribbon-ms</Extensions>
    </Filter>
    <Filter Include="소스 파일\Packet">
      <UniqueIdentifier>{ae99f5a5-96dc-4908-9d7b-e08ca92fb0af}</UniqueIdentifier>
    </Filter>
    <Filter Include="헤더 파일\Packet">
      <UniqueIdentifier>{85aeb0aa-4f92-4997-ade8-28f82505459c}</UniqueIdentifier>
    </Filter>
  </ItemGroup>
  <ItemGroup>
    <ClCompile Include="BufferReader.cpp">
      <Filter>소스 파일</Filter>
    </ClCompile>
    <ClCompile Include="BufferWriter.cpp">
      <Filter>소스 파일</Filter>
    </ClCompile>
    <ClCompile Include="Packet.cpp">
      <Filter>소스 파일\Packet</Filter>
    </ClCompile>
    <ClCompile Include="PK_DATA.cpp">
      <Filter>소스 파일\Packet</Filter>
    </ClCompile>
    <ClCompile Include="REQ_CON.cpp">
      <Filter>소스 파일\Packet</Filter>
    </ClCompile>
    <ClCompile Include="ACK_CON.cpp">
      <Filter>소스 파일\Packet</Filter>
    </ClCompile>
    <ClCompile Include="REQ_MOVE.cpp">
      <Filter>소스 파일\Packet</Filter>
    </ClCompile>
    <ClCompile Include="ACK_DISCON.cpp">
      <Filter>소스 파일\Packet</Filter>
    </ClCompile>
    <ClCompile Include="REQ_DISCON.cpp">
      <Filter>소스 파일\Packet</Filter>
    </ClCompile>
    <ClCompile Include="ACK_MOVE.cpp">
      <Filter>소스 파일\Packet</Filter>
    </ClCompile>
    <ClCompile Include="CHAT_MESSAGE.cpp">
      <Filter>소스 파일\Packet</Filter>
    </ClCompile>
    <ClCompile Include="VarCharPacket.cpp">
      <Filter>소스 파일\Packet</Filter>
    </ClCompile>
  </ItemGroup>
  <ItemGroup>
    <ClInclude Include="BufferReader.h">
      <Filter>헤더 파일</Filter>
    </ClInclude>
    <ClInclude Include="BufferWriter.h">
      <Filter>헤더 파일</Filter>
    </ClInclude>
    <ClInclude Include="Packet_Include.h">
      <Filter>헤더 파일</Filter>
    </ClInclude>
    <ClInclude Include="PK_DATA.h">
      <Filter>헤더 파일\Packet</Filter>
    </ClInclude>
    <ClInclude Include="Packet.h">
      <Filter>헤더 파일\Packet</Filter>
    </ClInclude>
    <ClInclude Include="VarCharPacket.h">
      <Filter>헤더 파일\Packet</Filter>
    </ClInclude>
    <ClInclude Include="REQ_MOVE.h">
      <Filter>헤더 파일\Packet</Filter>
    </ClInclude>
    <ClInclude Include="REQ_CON.h">
      <Filter>헤더 파일\Packet</Filter>
    </ClInclude>
    <ClInclude Include="REQ_DISCON.h">
      <Filter>헤더 파일\Packet</Filter>
    </ClInclude>
    <ClInclude Include="ACK_CON.h">
      <Filter>헤더 파일\Packet</Filter>
    </ClInclude>
    <ClInclude Include="ACK_DISCON.h">
      <Filter>헤더 파일\Packet</Filter>
    </ClInclude>
    <ClInclude Include="CHAT_MESSAGE.h">
      <Filter>헤더 파일\Packet</Filter>
    </ClInclude>
    <ClInclude Include="ACK_MOVE.h">
      <Filter>헤더 파일\Packet</Filter>
    </ClInclude>
  </ItemGroup>
</Project>